
Microsoft Visual Studio Solution File, Format Version 12.00
# Visual Studio Version 17
VisualStudioVersion = 17.11.35219.272
MinimumVisualStudioVersion = 10.0.40219.1
Project("{FAE04EC0-301F-11D3-BF4B-00C04F79EFBC}") = "sem01-Balboa", "sem01-Balboa\sem01-Balboa.csproj", "{0DB94B0F-4571-4F26-9126-92936404F004}"
EndProject
Global
	GlobalSection(SolutionConfigurationPlatforms) = preSolution
		Debug|Any CPU = Debug|Any CPU
		Release|Any CPU = Release|Any CPU
	EndGlobalSection
	GlobalSection(ProjectConfigurationPlatforms) = postSolution
		{0DB94B0F-4571-4F26-9126-92936404F004}.Debug|Any CPU.ActiveCfg = Debug|Any CPU
		{0DB94B0F-4571-4F26-9126-92936404F004}.Debug|Any CPU.Build.0 = Debug|Any CPU
		{0DB94B0F-4571-4F26-9126-92936404F004}.Release|Any CPU.ActiveCfg = Release|Any CPU
		{0DB94B0F-4571-4F26-9126-92936404F004}.Release|Any CPU.Build.0 = Release|Any CPU
	EndGlobalSection
	GlobalSection(SolutionProperties) = preSolution
		HideSolutionNode = FALSE
	EndGlobalSection
	GlobalSection(ExtensibilityGlobals) = postSolution
		SolutionGuid = {CEEE0725-F225-4293-A5F4-7F9E9002B34E}
	EndGlobalSection
EndGlobal
